// !$*UTF8*$!
{
	archiveVersion = 1;
	classes = {
	};
	objectVersion = 46;
	objects = {

/* Begin PBXBuildFile section */
		D30F58181C85402F009EEA00 /* main.m in Sources */ = {isa = PBXBuildFile; fileRef = D30F58171C85402F009EEA00 /* main.m */; };
		D30F581B1C85402F009EEA00 /* AppDelegate.m in Sources */ = {isa = PBXBuildFile; fileRef = D30F581A1C85402F009EEA00 /* AppDelegate.m */; };
		D30F581E1C85402F009EEA00 /* GameScene.m in Sources */ = {isa = PBXBuildFile; fileRef = D30F581D1C85402F009EEA00 /* GameScene.m */; };
		D30F58201C85402F009EEA00 /* GameScene.sks in Resources */ = {isa = PBXBuildFile; fileRef = D30F581F1C85402F009EEA00 /* GameScene.sks */; };
		D30F58231C85402F009EEA00 /* GameViewController.m in Sources */ = {isa = PBXBuildFile; fileRef = D30F58221C85402F009EEA00 /* GameViewController.m */; };
		D30F58261C85402F009EEA00 /* Main.storyboard in Resources */ = {isa = PBXBuildFile; fileRef = D30F58241C85402F009EEA00 /* Main.storyboard */; };
		D30F58281C85402F009EEA00 /* Assets.xcassets in Resources */ = {isa = PBXBuildFile; fileRef = D30F58271C85402F009EEA00 /* Assets.xcassets */; };
		D30F582B1C85402F009EEA00 /* LaunchScreen.storyboard in Resources */ = {isa = PBXBuildFile; fileRef = D30F58291C85402F009EEA00 /* LaunchScreen.storyboard */; };
		D30F58351C8543E6009EEA00 /* ColorExtension.m in Sources */ = {isa = PBXBuildFile; fileRef = D30F58341C8543E6009EEA00 /* ColorExtension.m */; };
		D312E6D91C856024008CA6FD /* playerShip.m in Sources */ = {isa = PBXBuildFile; fileRef = D312E6D81C856024008CA6FD /* playerShip.m */; };
		D312E6DD1C85659F008CA6FD /* character.m in Sources */ = {isa = PBXBuildFile; fileRef = D312E6DC1C85659F008CA6FD /* character.m */; };
		D312E6E01C8578EC008CA6FD /* sturct.m in Sources */ = {isa = PBXBuildFile; fileRef = D312E6DF1C8578EC008CA6FD /* sturct.m */; };
		D324735B1C85FA6900FB2F4A /* TCProgressBarNode.m in Sources */ = {isa = PBXBuildFile; fileRef = D324735A1C85FA6900FB2F4A /* TCProgressBarNode.m */; };
/* End PBXBuildFile section */

/* Begin PBXFileReference section */
		D30F58131C85402F009EEA00 /* Trial.app */ = {isa = PBXFileReference; explicitFileType = wrapper.application; includeInIndex = 0; path = Trial.app; sourceTree = BUILT_PRODUCTS_DIR; };
		D30F58171C85402F009EEA00 /* main.m */ = {isa = PBXFileReference; lastKnownFileType = sourcecode.c.objc; path = main.m; sourceTree = "<group>"; };
		D30F58191C85402F009EEA00 /* AppDelegate.h */ = {isa = PBXFileReference; lastKnownFileType = sourcecode.c.h; path = AppDelegate.h; sourceTree = "<group>"; };
		D30F581A1C85402F009EEA00 /* AppDelegate.m */ = {isa = PBXFileReference; lastKnownFileType = sourcecode.c.objc; path = AppDelegate.m; sourceTree = "<group>"; };
		D30F581C1C85402F009EEA00 /* GameScene.h */ = {isa = PBXFileReference; lastKnownFileType = sourcecode.c.h; path = GameScene.h; sourceTree = "<group>"; };
		D30F581D1C85402F009EEA00 /* GameScene.m */ = {isa = PBXFileReference; lastKnownFileType = sourcecode.c.objc; path = GameScene.m; sourceTree = "<group>"; };
		D30F581F1C85402F009EEA00 /* GameScene.sks */ = {isa = PBXFileReference; lastKnownFileType = file.sks; path = GameScene.sks; sourceTree = "<group>"; };
		D30F58211C85402F009EEA00 /* GameViewController.h */ = {isa = PBXFileReference; lastKnownFileType = sourcecode.c.h; path = GameViewController.h; sourceTree = "<group>"; };
		D30F58221C85402F009EEA00 /* GameViewController.m */ = {isa = PBXFileReference; lastKnownFileType = sourcecode.c.objc; path = GameViewController.m; sourceTree = "<group>"; };
		D30F58251C85402F009EEA00 /* Base */ = {isa = PBXFileReference; lastKnownFileType = file.storyboard; name = Base; path = Base.lproj/Main.storyboard; sourceTree = "<group>"; };
		D30F58271C85402F009EEA00 /* Assets.xcassets */ = {isa = PBXFileReference; lastKnownFileType = folder.assetcatalog; path = Assets.xcassets; sourceTree = "<group>"; };
		D30F582A1C85402F009EEA00 /* Base */ = {isa = PBXFileReference; lastKnownFileType = file.storyboard; name = Base; path = Base.lproj/LaunchScreen.storyboard; sourceTree = "<group>"; };
		D30F582C1C85402F009EEA00 /* Info.plist */ = {isa = PBXFileReference; lastKnownFileType = text.plist.xml; path = Info.plist; sourceTree = "<group>"; };
		D30F58321C85436A009EEA00 /* PrefixHeader.pch */ = {isa = PBXFileReference; fileEncoding = 4; lastKnownFileType = sourcecode.c.h; path = PrefixHeader.pch; sourceTree = "<group>"; };
		D30F58331C8543E6009EEA00 /* ColorExtension.h */ = {isa = PBXFileReference; fileEncoding = 4; lastKnownFileType = sourcecode.c.h; path = ColorExtension.h; sourceTree = "<group>"; };
		D30F58341C8543E6009EEA00 /* ColorExtension.m */ = {isa = PBXFileReference; fileEncoding = 4; lastKnownFileType = sourcecode.c.objc; path = ColorExtension.m; sourceTree = "<group>"; };
		D312E6D71C856024008CA6FD /* playerShip.h */ = {isa = PBXFileReference; fileEncoding = 4; lastKnownFileType = sourcecode.c.h; path = playerShip.h; sourceTree = "<group>"; };
		D312E6D81C856024008CA6FD /* playerShip.m */ = {isa = PBXFileReference; fileEncoding = 4; lastKnownFileType = sourcecode.c.objc; path = playerShip.m; sourceTree = "<group>"; };
		D312E6DB1C85659F008CA6FD /* character.h */ = {isa = PBXFileReference; fileEncoding = 4; lastKnownFileType = sourcecode.c.h; path = character.h; sourceTree = "<group>"; };
		D312E6DC1C85659F008CA6FD /* character.m */ = {isa = PBXFileReference; fileEncoding = 4; lastKnownFileType = sourcecode.c.objc; path = character.m; sourceTree = "<group>"; };
		D312E6DE1C8578EC008CA6FD /* sturct.h */ = {isa = PBXFileReference; fileEncoding = 4; lastKnownFileType = sourcecode.c.h; path = sturct.h; sourceTree = "<group>"; };
		D312E6DF1C8578EC008CA6FD /* sturct.m */ = {isa = PBXFileReference; fileEncoding = 4; lastKnownFileType = sourcecode.c.objc; path = sturct.m; sourceTree = "<group>"; };
		D32473591C85FA6900FB2F4A /* TCProgressBarNode.h */ = {isa = PBXFileReference; fileEncoding = 4; lastKnownFileType = sourcecode.c.h; path = TCProgressBarNode.h; sourceTree = "<group>"; };
		D324735A1C85FA6900FB2F4A /* TCProgressBarNode.m */ = {isa = PBXFileReference; fileEncoding = 4; lastKnownFileType = sourcecode.c.objc; path = TCProgressBarNode.m; sourceTree = "<group>"; };
/* End PBXFileReference section */

/* Begin PBXFrameworksBuildPhase section */
		D30F58101C85402F009EEA00 /* Frameworks */ = {
			isa = PBXFrameworksBuildPhase;
			buildActionMask = 2147483647;
			files = (
			);
			runOnlyForDeploymentPostprocessing = 0;
		};
/* End PBXFrameworksBuildPhase section */

/* Begin PBXGroup section */
		D30F580A1C85402F009EEA00 = {
			isa = PBXGroup;
			children = (
				D30F58151C85402F009EEA00 /* Trial */,
				D30F58141C85402F009EEA00 /* Products */,
			);
			sourceTree = "<group>";
		};
		D30F58141C85402F009EEA00 /* Products */ = {
			isa = PBXGroup;
			children = (
				D30F58131C85402F009EEA00 /* Trial.app */,
			);
			name = Products;
			sourceTree = "<group>";
		};
		D30F58151C85402F009EEA00 /* Trial */ = {
			isa = PBXGroup;
			children = (
				D30F58361C8543F7009EEA00 /* Extension */,
				D312E6E11C857AA6008CA6FD /* structContainer */,
				D312E6DA1C856030008CA6FD /* actor */,
				D30F58191C85402F009EEA00 /* AppDelegate.h */,
				D30F581A1C85402F009EEA00 /* AppDelegate.m */,
				D30F581C1C85402F009EEA00 /* GameScene.h */,
				D30F581D1C85402F009EEA00 /* GameScene.m */,
				D30F581F1C85402F009EEA00 /* GameScene.sks */,
				D30F58211C85402F009EEA00 /* GameViewController.h */,
				D30F58221C85402F009EEA00 /* GameViewController.m */,
				D30F58241C85402F009EEA00 /* Main.storyboard */,
				D30F58271C85402F009EEA00 /* Assets.xcassets */,
				D30F58291C85402F009EEA00 /* LaunchScreen.storyboard */,
				D30F582C1C85402F009EEA00 /* Info.plist */,
				D30F58161C85402F009EEA00 /* Supporting Files */,
			);
			path = Trial;
			sourceTree = "<group>";
		};
		D30F58161C85402F009EEA00 /* Supporting Files */ = {
			isa = PBXGroup;
			children = (
				D30F58171C85402F009EEA00 /* main.m */,
				D30F58321C85436A009EEA00 /* PrefixHeader.pch */,
			);
			name = "Supporting Files";
			sourceTree = "<group>";
		};
		D30F58361C8543F7009EEA00 /* Extension */ = {
			isa = PBXGroup;
			children = (
				D30F58331C8543E6009EEA00 /* ColorExtension.h */,
				D30F58341C8543E6009EEA00 /* ColorExtension.m */,
			);
			name = Extension;
			sourceTree = "<group>";
		};
		D312E6DA1C856030008CA6FD /* actor */ = {
			isa = PBXGroup;
			children = (
				D312E6D71C856024008CA6FD /* playerShip.h */,
				D312E6D81C856024008CA6FD /* playerShip.m */,
				D312E6DB1C85659F008CA6FD /* character.h */,
				D312E6DC1C85659F008CA6FD /* character.m */,
				D312E6E51C857BC9008CA6FD /* healthBar */,
			);
			name = actor;
			sourceTree = "<group>";
		};
		D312E6E11C857AA6008CA6FD /* structContainer */ = {
			isa = PBXGroup;
			children = (
				D312E6DE1C8578EC008CA6FD /* sturct.h */,
				D312E6DF1C8578EC008CA6FD /* sturct.m */,
			);
			name = structContainer;
			sourceTree = "<group>";
		};
		D312E6E51C857BC9008CA6FD /* healthBar */ = {
			isa = PBXGroup;
			children = (
				D32473591C85FA6900FB2F4A /* TCProgressBarNode.h */,
				D324735A1C85FA6900FB2F4A /* TCProgressBarNode.m */,
			);
			name = healthBar;
			sourceTree = "<group>";
		};
/* End PBXGroup section */

/* Begin PBXNativeTarget section */
		D30F58121C85402F009EEA00 /* Trial */ = {
			isa = PBXNativeTarget;
			buildConfigurationList = D30F582F1C85402F009EEA00 /* Build configuration list for PBXNativeTarget "Trial" */;
			buildPhases = (
				D30F580F1C85402F009EEA00 /* Sources */,
				D30F58101C85402F009EEA00 /* Frameworks */,
				D30F58111C85402F009EEA00 /* Resources */,
			);
			buildRules = (
			);
			dependencies = (
			);
			name = Trial;
			productName = Trial;
			productReference = D30F58131C85402F009EEA00 /* Trial.app */;
			productType = "com.apple.product-type.application";
		};
/* End PBXNativeTarget section */

/* Begin PBXProject section */
		D30F580B1C85402F009EEA00 /* Project object */ = {
			isa = PBXProject;
			attributes = {
				LastUpgradeCheck = 0720;
				ORGANIZATIONNAME = oirignesia;
				TargetAttributes = {
					D30F58121C85402F009EEA00 = {
						CreatedOnToolsVersion = 7.2;
					};
				};
			};
			buildConfigurationList = D30F580E1C85402F009EEA00 /* Build configuration list for PBXProject "Trial" */;
			compatibilityVersion = "Xcode 3.2";
			developmentRegion = English;
			hasScannedForEncodings = 0;
			knownRegions = (
				en,
				Base,
			);
			mainGroup = D30F580A1C85402F009EEA00;
			productRefGroup = D30F58141C85402F009EEA00 /* Products */;
			projectDirPath = "";
			projectRoot = "";
			targets = (
				D30F58121C85402F009EEA00 /* Trial */,
			);
		};
/* End PBXProject section */

/* Begin PBXResourcesBuildPhase section */
		D30F58111C85402F009EEA00 /* Resources */ = {
			isa = PBXResourcesBuildPhase;
			buildActionMask = 2147483647;
			files = (
				D30F58201C85402F009EEA00 /* GameScene.sks in Resources */,
				D30F582B1C85402F009EEA00 /* LaunchScreen.storyboard in Resources */,
				D30F58281C85402F009EEA00 /* Assets.xcassets in Resources */,
				D30F58261C85402F009EEA00 /* Main.storyboard in Resources */,
			);
			runOnlyForDeploymentPostprocessing = 0;
		};
/* End PBXResourcesBuildPhase section */

/* Begin PBXSourcesBuildPhase section */
		D30F580F1C85402F009EEA00 /* Sources */ = {
			isa = PBXSourcesBuildPhase;
			buildActionMask = 2147483647;
			files = (
				D312E6E01C8578EC008CA6FD /* sturct.m in Sources */,
				D312E6D91C856024008CA6FD /* playerShip.m in Sources */,
				D30F58351C8543E6009EEA00 /* ColorExtension.m in Sources */,
				D324735B1C85FA6900FB2F4A /* TCProgressBarNode.m in Sources */,
				D30F58231C85402F009EEA00 /* GameViewController.m in Sources */,
				D30F581B1C85402F009EEA00 /* AppDelegate.m in Sources */,
				D30F581E1C85402F009EEA00 /* GameScene.m in Sources */,
				D30F58181C85402F009EEA00 /* main.m in Sources */,
				D312E6DD1C85659F008CA6FD /* character.m in Sources */,
			);
			runOnlyForDeploymentPostprocessing = 0;
		};
/* End PBXSourcesBuildPhase section */

/* Begin PBXVariantGroup section */
		D30F58241C85402F009EEA00 /* Main.storyboard */ = {
			isa = PBXVariantGroup;
			children = (
				D30F58251C85402F009EEA00 /* Base */,
			);
			name = Main.storyboard;
			sourceTree = "<group>";
		};
		D30F58291C85402F009EEA00 /* LaunchScreen.storyboard */ = {
			isa = PBXVariantGroup;
			children = (
				D30F582A1C85402F009EEA00 /* Base */,
			);
			name = LaunchScreen.storyboard;
			sourceTree = "<group>";
		};
/* End PBXVariantGroup section */

/* Begin XCBuildConfiguration section */
		D30F582D1C85402F009EEA00 /* Debug */ = {
			isa = XCBuildConfiguration;
			buildSettings = {
				ALWAYS_SEARCH_USER_PATHS = NO;
				CLANG_CXX_LANGUAGE_STANDARD = "gnu++0x";
				CLANG_CXX_LIBRARY = "libc++";
				CLANG_ENABLE_MODULES = YES;
				CLANG_ENABLE_OBJC_ARC = YES;
				CLANG_WARN_BOOL_CONVERSION = YES;
				CLANG_WARN_CONSTANT_CONVERSION = YES;
				CLANG_WARN_DIRECT_OBJC_ISA_USAGE = YES_ERROR;
				CLANG_WARN_EMPTY_BODY = YES;
				CLANG_WARN_ENUM_CONVERSION = YES;
				CLANG_WARN_INT_CONVERSION = YES;
				CLANG_WARN_OBJC_ROOT_CLASS = YES_ERROR;
				CLANG_WARN_UNREACHABLE_CODE = YES;
				CLANG_WARN__DUPLICATE_METHOD_MATCH = YES;
				"CODE_SIGN_IDENTITY[sdk=iphoneos*]" = "iPhone Developer";
				COPY_PHASE_STRIP = NO;
				DEBUG_INFORMATION_FORMAT = "dwarf-with-dsym";
				ENABLE_STRICT_OBJC_MSGSEND = YES;
				ENABLE_TESTABILITY = YES;
				GCC_C_LANGUAGE_STANDARD = gnu99;
				GCC_DYNAMIC_NO_PIC = NO;
				GCC_NO_COMMON_BLOCKS = YES;
				GCC_OPTIMIZATION_LEVEL = 0;
				GCC_PREPROCESSOR_DEFINITIONS = (
					"DEBUG=1",
					"$(inherited)",
				);
				GCC_WARN_64_TO_32_BIT_CONVERSION = YES;
				GCC_WARN_ABOUT_RETURN_TYPE = YES_ERROR;
				GCC_WARN_UNDECLARED_SELECTOR = YES;
				GCC_WARN_UNINITIALIZED_AUTOS = YES_AGGRESSIVE;
				GCC_WARN_UNUSED_FUNCTION = YES;
				GCC_WARN_UNUSED_VARIABLE = YES;
				IPHONEOS_DEPLOYMENT_TARGET = 9.2;
				MTL_ENABLE_DEBUG_INFO = YES;
				ONLY_ACTIVE_ARCH = YES;
				SDKROOT = iphoneos;
				TARGETED_DEVICE_FAMILY = "1,2";
			};
			name = Debug;
		};
		D30F582E1C85402F009EEA00 /* Release */ = {
			isa = XCBuildConfiguration;
			buildSettings = {
				ALWAYS_SEARCH_USER_PATHS = NO;
				CLANG_CXX_LANGUAGE_STANDARD = "gnu++0x";
				CLANG_CXX_LIBRARY = "libc++";
				CLANG_ENABLE_MODULES = YES;
				CLANG_ENABLE_OBJC_ARC = YES;
				CLANG_WARN_BOOL_CONVERSION = YES;
				CLANG_WARN_CONSTANT_CONVERSION = YES;
				CLANG_WARN_DIRECT_OBJC_ISA_USAGE = YES_ERROR;
				CLANG_WARN_EMPTY_BODY = YES;
				CLANG_WARN_ENUM_CONVERSION = YES;
				CLANG_WARN_INT_CONVERSION = YES;
				CLANG_WARN_OBJC_ROOT_CLASS = YES_ERROR;
				CLANG_WARN_UNREACHABLE_CODE = YES;
				CLANG_WARN__DUPLICATE_METHOD_MATCH = YES;
				"CODE_SIGN_IDENTITY[sdk=iphoneos*]" = "iPhone Developer";
				COPY_PHASE_STRIP = NO;
				DEBUG_INFORMATION_FORMAT = "dwarf-with-dsym";
				ENABLE_NS_ASSERTIONS = NO;
				ENABLE_STRICT_OBJC_MSGSEND = YES;
				GCC_C_LANGUAGE_STANDARD = gnu99;
				GCC_NO_COMMON_BLOCKS = YES;
				GCC_WARN_64_TO_32_BIT_CONVERSION = YES;
				GCC_WARN_ABOUT_RETURN_TYPE = YES_ERROR;
				GCC_WARN_UNDECLARED_SELECTOR = YES;
				GCC_WARN_UNINITIALIZED_AUTOS = YES_AGGRESSIVE;
				GCC_WARN_UNUSED_FUNCTION = YES;
				GCC_WARN_UNUSED_VARIABLE = YES;
				IPHONEOS_DEPLOYMENT_TARGET = 9.2;
				MTL_ENABLE_DEBUG_INFO = NO;
				SDKROOT = iphoneos;
				TARGETED_DEVICE_FAMILY = "1,2";
				VALIDATE_PRODUCT = YES;
			};
			name = Release;
		};
		D30F58301C85402F009EEA00 /* Debug */ = {
			isa = XCBuildConfiguration;
			buildSettings = {
				ASSETCATALOG_COMPILER_APPICON_NAME = AppIcon;
				GCC_PREFIX_HEADER = Trial/PrefixHeader.pch;
				INFOPLIST_FILE = Trial/Info.plist;
				LD_RUNPATH_SEARCH_PATHS = "$(inherited) @executable_path/Frameworks";
				PRODUCT_BUNDLE_IDENTIFIER = com.originesia.Trial;
				PRODUCT_NAME = "$(TARGET_NAME)";
			};
			name = Debug;
		};
		D30F58311C85402F009EEA00 /* Release */ = {
			isa = XCBuildConfiguration;
			buildSettings = {
				ASSETCATALOG_COMPILER_APPICON_NAME = AppIcon;
				GCC_PREFIX_HEADER = Trial/PrefixHeader.pch;
				INFOPLIST_FILE = Trial/Info.plist;
				LD_RUNPATH_SEARCH_PATHS = "$(inherited) @executable_path/Frameworks";
				PRODUCT_BUNDLE_IDENTIFIER = com.originesia.Trial;
				PRODUCT_NAME = "$(TARGET_NAME)";
			};
			name = Release;
		};
/* End XCBuildConfiguration section */

/* Begin XCConfigurationList section */
		D30F580E1C85402F009EEA00 /* Build configuration list for PBXProject "Trial" */ = {
			isa = XCConfigurationList;
			buildConfigurations = (
				D30F582D1C85402F009EEA00 /* Debug */,
				D30F582E1C85402F009EEA00 /* Release */,
			);
			defaultConfigurationIsVisible = 0;
			defaultConfigurationName = Release;
		};
		D30F582F1C85402F009EEA00 /* Build configuration list for PBXNativeTarget "Trial" */ = {
			isa = XCConfigurationList;
			buildConfigurations = (
				D30F58301C85402F009EEA00 /* Debug */,
				D30F58311C85402F009EEA00 /* Release */,
			);
			defaultConfigurationIsVisible = 0;
			defaultConfigurationName = Release;
		};
/* End XCConfigurationList section */
	};
	rootObject = D30F580B1C85402F009EEA00 /* Project object */;
}
